
Microsoft Visual Studio Solution File, Format Version 12.00
# Visual Studio Version 17
VisualStudioVersion = 17.10.35122.118
MinimumVisualStudioVersion = 10.0.40219.1
Project("{FAE04EC0-301F-11D3-BF4B-00C04F79EFBC}") = "SupportCases_Rika", "SupportCases_Rika\SupportCases_Rika.csproj", "{2CDE17DB-3155-4873-BEA9-10F4DF855C29}"
EndProject
Global
	GlobalSection(SolutionConfigurationPlatforms) = preSolution
		Debug|Any CPU = Debug|Any CPU
		Release|Any CPU = Release|Any CPU
	EndGlobalSection
	GlobalSection(ProjectConfigurationPlatforms) = postSolution
		{2CDE17DB-3155-4873-BEA9-10F4DF855C29}.Debug|Any CPU.ActiveCfg = Debug|Any CPU
		{2CDE17DB-3155-4873-BEA9-10F4DF855C29}.Debug|Any CPU.Build.0 = Debug|Any CPU
		{2CDE17DB-3155-4873-BEA9-10F4DF855C29}.Release|Any CPU.ActiveCfg = Release|Any CPU
		{2CDE17DB-3155-4873-BEA9-10F4DF855C29}.Release|Any CPU.Build.0 = Release|Any CPU
	EndGlobalSection
	GlobalSection(SolutionProperties) = preSolution
		HideSolutionNode = FALSE
	EndGlobalSection
	GlobalSection(ExtensibilityGlobals) = postSolution
		SolutionGuid = {0C3C1E47-4C2F-4327-B5D2-05329FDF1ED0}
	EndGlobalSection
EndGlobal
